
Microsoft Visual Studio Solution File, Format Version 12.00
# Visual Studio Version 16
VisualStudioVersion = 16.0.30225.117
MinimumVisualStudioVersion = 10.0.40219.1
Project("{FAE04EC0-301F-11D3-BF4B-00C04F79EFBC}") = "LinqWithLambda", "LinqWithLambda\LinqWithLambda.csproj", "{CBB3B86B-BF16-43E1-887C-4F44F78C4DBF}"
EndProject
Global
	GlobalSection(SolutionConfigurationPlatforms) = preSolution
		Debug|Any CPU = Debug|Any CPU
		Release|Any CPU = Release|Any CPU
	EndGlobalSection
	GlobalSection(ProjectConfigurationPlatforms) = postSolution
		{CBB3B86B-BF16-43E1-887C-4F44F78C4DBF}.Debug|Any CPU.ActiveCfg = Debug|Any CPU
		{CBB3B86B-BF16-43E1-887C-4F44F78C4DBF}.Debug|Any CPU.Build.0 = Debug|Any CPU
		{CBB3B86B-BF16-43E1-887C-4F44F78C4DBF}.Release|Any CPU.ActiveCfg = Release|Any CPU
		{CBB3B86B-BF16-43E1-887C-4F44F78C4DBF}.Release|Any CPU.Build.0 = Release|Any CPU
	EndGlobalSection
	GlobalSection(SolutionProperties) = preSolution
		HideSolutionNode = FALSE
	EndGlobalSection
	GlobalSection(ExtensibilityGlobals) = postSolution
		SolutionGuid = {B27D6AF5-B026-47F1-A324-0B51313F5F88}
	EndGlobalSection
EndGlobal
